
Microsoft Visual Studio Solution File, Format Version 12.00
# Visual Studio Version 17
VisualStudioVersion = 17.5.33530.505
MinimumVisualStudioVersion = 10.0.40219.1
Project("{9A19103F-16F7-4668-BE54-9A1E7A4F7556}") = "Usertask-Management-Services", "Usertask-Management-Services\Usertask-Management-Services.csproj", "{664973FE-AE21-4C47-8C44-97CAA561C148}"
EndProject
Project("{9A19103F-16F7-4668-BE54-9A1E7A4F7556}") = "Usertask-Management-Entity", "Usertask-Management-Entity\Usertask-Management-Entity.csproj", "{7A8FFA71-2851-4643-BFDC-87251443E02B}"
EndProject
Project("{9A19103F-16F7-4668-BE54-9A1E7A4F7556}") = "Usertask-Management-Repository", "Usertask-Management-Repository\Usertask-Management-Repository.csproj", "{77565799-6A1B-4485-817A-E0E4466130A8}"
EndProject
Project("{9A19103F-16F7-4668-BE54-9A1E7A4F7556}") = "Usertask-Management-BusinessLayer", "Usertask-Management-BusinessLayer\Usertask-Management-BusinessLayer.csproj", "{8ECAF448-A63B-4C12-8353-AD49AF2332E7}"
EndProject
Project("{FAE04EC0-301F-11D3-BF4B-00C04F79EFBC}") = "UserTask-Management-UnitTest", "UserTask-Management-UnitTest\UserTask-Management-UnitTest.csproj", "{5D1093BB-2732-4426-BE3C-8EAFC99046EC}"
EndProject
Global
	GlobalSection(SolutionConfigurationPlatforms) = preSolution
		Debug|Any CPU = Debug|Any CPU
		Release|Any CPU = Release|Any CPU
	EndGlobalSection
	GlobalSection(ProjectConfigurationPlatforms) = postSolution
		{664973FE-AE21-4C47-8C44-97CAA561C148}.Debug|Any CPU.ActiveCfg = Debug|Any CPU
		{664973FE-AE21-4C47-8C44-97CAA561C148}.Debug|Any CPU.Build.0 = Debug|Any CPU
		{664973FE-AE21-4C47-8C44-97CAA561C148}.Release|Any CPU.ActiveCfg = Release|Any CPU
		{664973FE-AE21-4C47-8C44-97CAA561C148}.Release|Any CPU.Build.0 = Release|Any CPU
		{7A8FFA71-2851-4643-BFDC-87251443E02B}.Debug|Any CPU.ActiveCfg = Debug|Any CPU
		{7A8FFA71-2851-4643-BFDC-87251443E02B}.Debug|Any CPU.Build.0 = Debug|Any CPU
		{7A8FFA71-2851-4643-BFDC-87251443E02B}.Release|Any CPU.ActiveCfg = Release|Any CPU
		{7A8FFA71-2851-4643-BFDC-87251443E02B}.Release|Any CPU.Build.0 = Release|Any CPU
		{77565799-6A1B-4485-817A-E0E4466130A8}.Debug|Any CPU.ActiveCfg = Debug|Any CPU
		{77565799-6A1B-4485-817A-E0E4466130A8}.Debug|Any CPU.Build.0 = Debug|Any CPU
		{77565799-6A1B-4485-817A-E0E4466130A8}.Release|Any CPU.ActiveCfg = Release|Any CPU
		{77565799-6A1B-4485-817A-E0E4466130A8}.Release|Any CPU.Build.0 = Release|Any CPU
		{8ECAF448-A63B-4C12-8353-AD49AF2332E7}.Debug|Any CPU.ActiveCfg = Debug|Any CPU
		{8ECAF448-A63B-4C12-8353-AD49AF2332E7}.Debug|Any CPU.Build.0 = Debug|Any CPU
		{8ECAF448-A63B-4C12-8353-AD49AF2332E7}.Release|Any CPU.ActiveCfg = Release|Any CPU
		{8ECAF448-A63B-4C12-8353-AD49AF2332E7}.Release|Any CPU.Build.0 = Release|Any CPU
		{5D1093BB-2732-4426-BE3C-8EAFC99046EC}.Debug|Any CPU.ActiveCfg = Debug|Any CPU
		{5D1093BB-2732-4426-BE3C-8EAFC99046EC}.Debug|Any CPU.Build.0 = Debug|Any CPU
		{5D1093BB-2732-4426-BE3C-8EAFC99046EC}.Release|Any CPU.ActiveCfg = Release|Any CPU
		{5D1093BB-2732-4426-BE3C-8EAFC99046EC}.Release|Any CPU.Build.0 = Release|Any CPU
	EndGlobalSection
	GlobalSection(SolutionProperties) = preSolution
		HideSolutionNode = FALSE
	EndGlobalSection
	GlobalSection(ExtensibilityGlobals) = postSolution
		SolutionGuid = {D68C3A25-8437-474F-A3E6-B4F2E0635F52}
	EndGlobalSection
EndGlobal
